
Microsoft Visual Studio Solution File, Format Version 12.00
# Visual Studio Version 17
VisualStudioVersion = 17.9.34728.123
MinimumVisualStudioVersion = 10.0.40219.1
Project("{9A19103F-16F7-4668-BE54-9A1E7A4F7556}") = "GameServer", "GameServer\GameServer.csproj", "{52C1D1FA-B34D-49F2-AC2A-BC0122551C94}"
EndProject
Project("{9A19103F-16F7-4668-BE54-9A1E7A4F7556}") = "Common", "Common\Common.csproj", "{781C11E4-ADBE-492C-8F6C-1783193F2991}"
EndProject
Project("{FAE04EC0-301F-11D3-BF4B-00C04F79EFBC}") = "NetClient", "NetClient\NetClient.csproj", "{4D41B6E8-C8A8-4DFB-B487-911E04D08B0F}"
EndProject
Global
	GlobalSection(SolutionConfigurationPlatforms) = preSolution
		Debug|Any CPU = Debug|Any CPU
		Release|Any CPU = Release|Any CPU
	EndGlobalSection
	GlobalSection(ProjectConfigurationPlatforms) = postSolution
		{52C1D1FA-B34D-49F2-AC2A-BC0122551C94}.Debug|Any CPU.ActiveCfg = Debug|Any CPU
		{52C1D1FA-B34D-49F2-AC2A-BC0122551C94}.Debug|Any CPU.Build.0 = Debug|Any CPU
		{52C1D1FA-B34D-49F2-AC2A-BC0122551C94}.Release|Any CPU.ActiveCfg = Release|Any CPU
		{52C1D1FA-B34D-49F2-AC2A-BC0122551C94}.Release|Any CPU.Build.0 = Release|Any CPU
		{781C11E4-ADBE-492C-8F6C-1783193F2991}.Debug|Any CPU.ActiveCfg = Debug|Any CPU
		{781C11E4-ADBE-492C-8F6C-1783193F2991}.Debug|Any CPU.Build.0 = Debug|Any CPU
		{781C11E4-ADBE-492C-8F6C-1783193F2991}.Release|Any CPU.ActiveCfg = Release|Any CPU
		{781C11E4-ADBE-492C-8F6C-1783193F2991}.Release|Any CPU.Build.0 = Release|Any CPU
		{4D41B6E8-C8A8-4DFB-B487-911E04D08B0F}.Debug|Any CPU.ActiveCfg = Debug|Any CPU
		{4D41B6E8-C8A8-4DFB-B487-911E04D08B0F}.Debug|Any CPU.Build.0 = Debug|Any CPU
		{4D41B6E8-C8A8-4DFB-B487-911E04D08B0F}.Release|Any CPU.ActiveCfg = Release|Any CPU
		{4D41B6E8-C8A8-4DFB-B487-911E04D08B0F}.Release|Any CPU.Build.0 = Release|Any CPU
	EndGlobalSection
	GlobalSection(SolutionProperties) = preSolution
		HideSolutionNode = FALSE
	EndGlobalSection
	GlobalSection(ExtensibilityGlobals) = postSolution
		SolutionGuid = {3E688608-D941-4F27-9241-3F6536B114B1}
	EndGlobalSection
EndGlobal
